
Microsoft Visual Studio Solution File, Format Version 12.00
# Visual Studio Version 17
VisualStudioVersion = 17.6.33801.468
MinimumVisualStudioVersion = 10.0.40219.1
Project("{FAE04EC0-301F-11D3-BF4B-00C04F79EFBC}") = "To DO List_Task", "To DO List_Task\To DO List_Task.csproj", "{94BB91D3-327F-4E9C-96D1-8751F68F4437}"
EndProject
Global
	GlobalSection(SolutionConfigurationPlatforms) = preSolution
		Debug|Any CPU = Debug|Any CPU
		Release|Any CPU = Release|Any CPU
	EndGlobalSection
	GlobalSection(ProjectConfigurationPlatforms) = postSolution
		{94BB91D3-327F-4E9C-96D1-8751F68F4437}.Debug|Any CPU.ActiveCfg = Debug|Any CPU
		{94BB91D3-327F-4E9C-96D1-8751F68F4437}.Debug|Any CPU.Build.0 = Debug|Any CPU
		{94BB91D3-327F-4E9C-96D1-8751F68F4437}.Release|Any CPU.ActiveCfg = Release|Any CPU
		{94BB91D3-327F-4E9C-96D1-8751F68F4437}.Release|Any CPU.Build.0 = Release|Any CPU
	EndGlobalSection
	GlobalSection(SolutionProperties) = preSolution
		HideSolutionNode = FALSE
	EndGlobalSection
	GlobalSection(ExtensibilityGlobals) = postSolution
		SolutionGuid = {645EE35E-0B97-466B-BEEE-974FDE2008EC}
	EndGlobalSection
EndGlobal
